{
  "version": 4,
  "terraform_version": "1.14.5",
  "serial": 4,
  "lineage": "6b3c62d0-aae8-cb9b-1ff6-0c7eaba40efd",
  "outputs": {},
  "resources": [
    {
      "mode": "managed",
      "type": "aws_key_pair",
      "name": "deployer",
      "provider": "provider[\"registry.terraform.io/hashicorp/aws\"]",
      "instances": [
        {
          "schema_version": 1,
          "attributes": {
            "arn": "arn:aws:ec2:eu-west-1:856599266132:key-pair/cloud-user",
            "fingerprint": "0a:a4:e1:90:0a:d1:42:8b:0c:38:e9:83:94:88:91:44",
            "id": "cloud-user",
            "key_name": "cloud-user",
            "key_name_prefix": "",
            "key_pair_id": "key-0bf0d1f43b600e53b",
            "key_type": "rsa",
            "public_key": "ssh-rsa AAAAB3NzaC1yc2EAAAADAQABAAACAQCnUs36+8AHJMDfWKxT6QzlgP/3woX+5vz+fq3KEhm7IeH/XrKwob2MeLAt1OtWKQvEFKqlUIh3X1/6+noJ2h6EuUcuO/SviQfUWGXrh8VEqooU/CdjTEUadAeGmG3717DPuxAaLfgFIA7dYfYjwmdMwdEYWAk0CwYkarUH6x7X4PL7PDROQtnDcIwFg6eGw8E/2KBtQU+C/B6fGjBJ90rZKQwDGBEPDJNc13nO2N9E9vZ9nel6va205kXSbEQ8CIFd9mOssmwPbiYg2lxiqgVxHap3mSOPXkT5n7Mb6nM84TL+cKek9RoE04gCByEAOVdJITAOBCCT8zkdmaw08vM04aoHw23rCS/t8sQfLpP4IBqJemgw3s2pQ/mU+i6UbLc/CqmbPugzI+SMym/D6j/47xkxbvDrJorDz0ls4ugIU7x70AsRutIMmSJ3lTkK2dx+ntwvIBYq52yOfWRVoYqgcDe4/eOBSraVxl8j41ctzyQFdtjBnJC9Ptp13kBgL4thl+6J/Bi2TOAsb15nB92DxH1gwT2TwM3vj59NdSleZXiuMxVDbUoPcMzgD8m+AV1lx3t+X/s+XqOmTIqXIIc21tAs3lYkJV+o2CGxZ4VOdj+iUHhsfY7JxuRiIlsHkr3eo1g8sDMT6uWr9fce9W+Mgk2FE9PHo15D14G7eUq4gw== sangeetha@LAPTOP-PQP6RG40",
            "region": "eu-west-1",
            "tags": null,
            "tags_all": {}
          },
          "sensitive_attributes": [],
          "identity_schema_version": 0,
          "private": "eyJzY2hlbWFfdmVyc2lvbiI6IjEifQ=="
        }
      ]
    },
    {
      "mode": "managed",
      "type": "aws_security_group",
      "name": "allow_ssh_http",
      "provider": "provider[\"registry.terraform.io/hashicorp/aws\"]",
      "instances": [
        {
          "schema_version": 1,
          "attributes": {
            "arn": "arn:aws:ec2:eu-west-1:856599266132:security-group/sg-0bcb4f60abf82b393",
            "description": "Allow SSH and HTTP traffic",
            "egress": [
              {
                "cidr_blocks": [
                  "0.0.0.0/0"
                ],
                "description": "",
                "from_port": 0,
                "ipv6_cidr_blocks": [],
                "prefix_list_ids": [],
                "protocol": "-1",
                "security_groups": [],
                "self": false,
                "to_port": 0
              }
            ],
            "id": "sg-0bcb4f60abf82b393",
            "ingress": [
              {
                "cidr_blocks": [
                  "0.0.0.0/0"
                ],
                "description": "",
                "from_port": 22,
                "ipv6_cidr_blocks": [],
                "prefix_list_ids": [],
                "protocol": "tcp",
                "security_groups": [],
                "self": false,
                "to_port": 22
              },
              {
                "cidr_blocks": [
                  "0.0.0.0/0"
                ],
                "description": "",
                "from_port": 80,
                "ipv6_cidr_blocks": [],
                "prefix_list_ids": [],
                "protocol": "tcp",
                "security_groups": [],
                "self": false,
                "to_port": 80
              }
            ],
            "name": "allow_ssh_http",
            "name_prefix": "",
            "owner_id": "856599266132",
            "region": "eu-west-1",
            "revoke_rules_on_delete": false,
            "tags": null,
            "tags_all": {},
            "timeouts": null,
            "vpc_id": "vpc-0dfdf800a65a75d76"
          },
          "sensitive_attributes": [],
          "identity_schema_version": 0,
          "identity": {
            "account_id": "856599266132",
            "id": "sg-0bcb4f60abf82b393",
            "region": "eu-west-1"
          },
          "private": "eyJlMmJmYjczMC1lY2FhLTExZTYtOGY4OC0zNDM2M2JjN2M0YzAiOnsiY3JlYXRlIjo2MDAwMDAwMDAwMDAsImRlbGV0ZSI6OTAwMDAwMDAwMDAwfSwic2NoZW1hX3ZlcnNpb24iOiIxIn0="
        }
      ]
    }
  ],
  "check_results": null
}
